
Microsoft Visual Studio Solution File, Format Version 12.00
# Visual Studio Version 17
VisualStudioVersion = 17.14.36212.18 d17.14
MinimumVisualStudioVersion = 10.0.40219.1
Project("{FAE04EC0-301F-11D3-BF4B-00C04F79EFBC}") = "CrudSimulacionPruebaTecnica", "CrudSimulacionPruebaTecnica.csproj", "{344F2AA0-EC36-473B-82FE-11CF4B743773}"
EndProject
Global
	GlobalSection(SolutionConfigurationPlatforms) = preSolution
		Debug|Any CPU = Debug|Any CPU
		Release|Any CPU = Release|Any CPU
	EndGlobalSection
	GlobalSection(ProjectConfigurationPlatforms) = postSolution
		{344F2AA0-EC36-473B-82FE-11CF4B743773}.Debug|Any CPU.ActiveCfg = Debug|Any CPU
		{344F2AA0-EC36-473B-82FE-11CF4B743773}.Debug|Any CPU.Build.0 = Debug|Any CPU
		{344F2AA0-EC36-473B-82FE-11CF4B743773}.Release|Any CPU.ActiveCfg = Release|Any CPU
		{344F2AA0-EC36-473B-82FE-11CF4B743773}.Release|Any CPU.Build.0 = Release|Any CPU
	EndGlobalSection
	GlobalSection(SolutionProperties) = preSolution
		HideSolutionNode = FALSE
	EndGlobalSection
	GlobalSection(ExtensibilityGlobals) = postSolution
		SolutionGuid = {6B0DD195-A427-47CB-8DC6-59D8DCF21FA5}
	EndGlobalSection
EndGlobal
